
Microsoft Visual Studio Solution File, Format Version 12.00
# Visual Studio Version 17
VisualStudioVersion = 17.4.33122.133
MinimumVisualStudioVersion = 10.0.40219.1
Project("{FAE04EC0-301F-11D3-BF4B-00C04F79EFBC}") = "Git_Learn", "Git_Learn\Git_Learn.csproj", "{6CC1B2A9-9E3D-417E-AA4B-4941443024F6}"
EndProject
Global
	GlobalSection(SolutionConfigurationPlatforms) = preSolution
		Debug|Any CPU = Debug|Any CPU
		Release|Any CPU = Release|Any CPU
	EndGlobalSection
	GlobalSection(ProjectConfigurationPlatforms) = postSolution
		{6CC1B2A9-9E3D-417E-AA4B-4941443024F6}.Debug|Any CPU.ActiveCfg = Debug|Any CPU
		{6CC1B2A9-9E3D-417E-AA4B-4941443024F6}.Debug|Any CPU.Build.0 = Debug|Any CPU
		{6CC1B2A9-9E3D-417E-AA4B-4941443024F6}.Release|Any CPU.ActiveCfg = Release|Any CPU
		{6CC1B2A9-9E3D-417E-AA4B-4941443024F6}.Release|Any CPU.Build.0 = Release|Any CPU
	EndGlobalSection
	GlobalSection(SolutionProperties) = preSolution
		HideSolutionNode = FALSE
	EndGlobalSection
	GlobalSection(ExtensibilityGlobals) = postSolution
		SolutionGuid = {A9179AF2-8239-4B19-8678-BB3BABD32EC6}
	EndGlobalSection
EndGlobal
